# @generated - this file is auto-generated by `mise lock` https://mise.en.dev/dev-tools/mise-lock.html

[[tools.ansible]]
version = "13.6.0"
backend = "pipx:ansible"

[tools.ansible.options]
pipx_args = "--include-deps"
uvx = "false"

[[tools.node]]
version = "22.22.3"
backend = "core:node"

[tools.node."platforms.linux-arm64"]
checksum = "sha256:cc8bc82b2dd0b595c3b95a4c3c9c8c350907cff011afbdee3d1379e812e1e3e3"
url = "https://nodejs.org/dist/v22.22.3/node-v22.22.3-linux-arm64.tar.gz"

[tools.node."platforms.linux-arm64-musl"]
checksum = "sha256:09c87acbafae65e18fcc0eb188376c1254cab74dc769118f4b60479c5fa326cf"
url = "https://unofficial-builds.nodejs.org/download/release/v22.22.3/node-v22.22.3-linux-arm64-musl.tar.gz"

[tools.node."platforms.linux-x64"]
checksum = "sha256:c7a10d6816da8eaaa7534dd73c71c6e2b2c391dbbf845e364902d156615dd1b8"
url = "https://nodejs.org/dist/v22.22.3/node-v22.22.3-linux-x64.tar.gz"

[tools.node."platforms.linux-x64-musl"]
checksum = "sha256:d227692583d6ae17c44028fd8f17cb1b3672167a6baa035818240cbb9db6ea4a"
url = "https://unofficial-builds.nodejs.org/download/release/v22.22.3/node-v22.22.3-linux-x64-musl.tar.gz"

[tools.node."platforms.macos-arm64"]
checksum = "sha256:0da7ff74ef8611328c8212f17943368713a2ad953fb7d89a8c8a0eae87c23207"
url = "https://nodejs.org/dist/v22.22.3/node-v22.22.3-darwin-arm64.tar.gz"

[tools.node."platforms.macos-x64"]
checksum = "sha256:45830ba752fa0d892c6dcd640946669801293cac820a33591ded40ac075198ec"
url = "https://nodejs.org/dist/v22.22.3/node-v22.22.3-darwin-x64.tar.gz"

[tools.node."platforms.windows-x64"]
checksum = "sha256:6c8d54f635feff4df76c2ca80f45332eb2ff57d25226edce36592e51a177ee33"
url = "https://nodejs.org/dist/v22.22.3/node-v22.22.3-win-x64.zip"

[[tools."npm:wrangler"]]
version = "4.92.0"
backend = "npm:wrangler"

[[tools.pipx]]
version = "1.12.0"
backend = "aqua:pypa/pipx"

[tools.pipx."platforms.linux-arm64"]
checksum = "sha256:f7492089d576f1ed04a56ab60d3f8918da4a3c951fa5c6631ce3f5a804deac51"
url = "https://github.com/pypa/pipx/releases/download/1.12.0/pipx.pyz"

[tools.pipx."platforms.linux-arm64-musl"]
checksum = "sha256:f7492089d576f1ed04a56ab60d3f8918da4a3c951fa5c6631ce3f5a804deac51"
url = "https://github.com/pypa/pipx/releases/download/1.12.0/pipx.pyz"

[tools.pipx."platforms.linux-x64"]
checksum = "sha256:f7492089d576f1ed04a56ab60d3f8918da4a3c951fa5c6631ce3f5a804deac51"
url = "https://github.com/pypa/pipx/releases/download/1.12.0/pipx.pyz"

[tools.pipx."platforms.linux-x64-musl"]
checksum = "sha256:f7492089d576f1ed04a56ab60d3f8918da4a3c951fa5c6631ce3f5a804deac51"
url = "https://github.com/pypa/pipx/releases/download/1.12.0/pipx.pyz"

[tools.pipx."platforms.macos-arm64"]
checksum = "sha256:f7492089d576f1ed04a56ab60d3f8918da4a3c951fa5c6631ce3f5a804deac51"
url = "https://github.com/pypa/pipx/releases/download/1.12.0/pipx.pyz"

[tools.pipx."platforms.macos-x64"]
checksum = "sha256:f7492089d576f1ed04a56ab60d3f8918da4a3c951fa5c6631ce3f5a804deac51"
url = "https://github.com/pypa/pipx/releases/download/1.12.0/pipx.pyz"

[[tools."pipx:ansible-playbook-grapher"]]
version = "2.10.1"
backend = "pipx:ansible-playbook-grapher"

[[tools."pipx:modal"]]
version = "1.4.3.dev9"
backend = "pipx:modal"

[[tools.pkl]]
version = "0.31.1"
backend = "aqua:apple/pkl"

[tools.pkl."platforms.linux-arm64"]
checksum = "sha256:7ef10e743daa921fb94ae7bdb9ec6986f362bf250c55814b9ea2aeb13f2d083e"
url = "https://github.com/apple/pkl/releases/download/0.31.1/pkl-linux-aarch64"

[tools.pkl."platforms.linux-arm64-musl"]
checksum = "sha256:7ef10e743daa921fb94ae7bdb9ec6986f362bf250c55814b9ea2aeb13f2d083e"
url = "https://github.com/apple/pkl/releases/download/0.31.1/pkl-linux-aarch64"

[tools.pkl."platforms.linux-x64"]
checksum = "sha256:618f13955d755cafbfe8c9cba1d27635848cd49dbc6abffd398d2751db1231bf"
url = "https://github.com/apple/pkl/releases/download/0.31.1/pkl-linux-amd64"

[tools.pkl."platforms.linux-x64-musl"]
checksum = "sha256:618f13955d755cafbfe8c9cba1d27635848cd49dbc6abffd398d2751db1231bf"
url = "https://github.com/apple/pkl/releases/download/0.31.1/pkl-linux-amd64"

[tools.pkl."platforms.macos-arm64"]
checksum = "sha256:1b6a5438d9624cd2798a7530721bbbfa27ef72efe5c878a1b6c546c6e7ca0e8f"
url = "https://github.com/apple/pkl/releases/download/0.31.1/pkl-macos-aarch64"

[tools.pkl."platforms.macos-x64"]
checksum = "sha256:22123ed4ae4c03afa8c54c69f77f0bec39b0fa0f67b09d6d148e0a376a2a471d"
url = "https://github.com/apple/pkl/releases/download/0.31.1/pkl-macos-amd64"

[tools.pkl."platforms.windows-x64"]
checksum = "sha256:a8834481667325b44c539dbb758d7365a16389070f343c04b639bbe525ede013"
url = "https://github.com/apple/pkl/releases/download/0.31.1/pkl-windows-amd64.exe"

[[tools.pnpm]]
version = "11.1.3"
backend = "aqua:pnpm/pnpm"

[tools.pnpm."platforms.linux-arm64"]
checksum = "sha256:35676a3dacc7e325dd6ac90db35fd425f17748ea8095c2ea6d47c2375a974fcd"
url = "https://github.com/pnpm/pnpm/releases/download/v11.1.3/pnpm-linux-arm64.tar.gz"
provenance = "github-attestations"

[tools.pnpm."platforms.linux-arm64-musl"]
checksum = "sha256:4d3ce91646621f5551f9723744df2ce7a2f2b00a238b957d5fc2bad88e972ead"
url = "https://github.com/pnpm/pnpm/releases/download/v11.1.3/pnpm-linux-arm64-musl.tar.gz"
provenance = "github-attestations"

[tools.pnpm."platforms.linux-x64"]
checksum = "sha256:8e5685c22bc05e8092adb056bb3d848c3d7926a2c909ed028052098d59db9e6e"
url = "https://github.com/pnpm/pnpm/releases/download/v11.1.3/pnpm-linux-x64.tar.gz"
provenance = "github-attestations"

[tools.pnpm."platforms.linux-x64-musl"]
checksum = "sha256:729e484a7ca2c0319e188b4ce97523034a8a9913a6833c8afdc144b03a9ff260"
url = "https://github.com/pnpm/pnpm/releases/download/v11.1.3/pnpm-linux-x64-musl.tar.gz"
provenance = "github-attestations"

[tools.pnpm."platforms.macos-arm64"]
checksum = "sha256:c258310926cfaaa59b50296bc0defca66a466799eb045d4f76fe3fc3c5e6565d"
url = "https://github.com/pnpm/pnpm/releases/download/v11.1.3/pnpm-darwin-arm64.tar.gz"
provenance = "github-attestations"

[tools.pnpm."platforms.windows-x64"]
checksum = "sha256:46d42ba9d141605dfc65819a498b27971c4589c7ef139ad80c5e9da7a5c34b06"
url = "https://github.com/pnpm/pnpm/releases/download/v11.1.3/pnpm-win32-x64.zip"
provenance = "github-attestations"

[[tools.python]]
version = "3.12.13"
backend = "core:python"

[tools.python."platforms.linux-arm64"]
checksum = "sha256:8e2907baca8b08ae43f366e65f09fda6337d3543f322c399d8800cf689c79973"
url = "https://github.com/astral-sh/python-build-standalone/releases/download/20260510/cpython-3.12.13+20260510-aarch64-unknown-linux-gnu-install_only_stripped.tar.gz"
provenance = "github-attestations"

[tools.python."platforms.linux-arm64-musl"]
checksum = "sha256:5b41126fce0b153c320466b6d2af0b68466e0e6d31c49168b65bbff887ef1793"
url = "https://github.com/astral-sh/python-build-standalone/releases/download/20260510/cpython-3.12.13+20260510-aarch64-unknown-linux-musl-install_only_stripped.tar.gz"
provenance = "github-attestations"

[tools.python."platforms.linux-x64"]
checksum = "sha256:d480f5d5878910ecbae212bf23bd7c25d7b209eb8cf5e98823c977384d272e88"
url = "https://github.com/astral-sh/python-build-standalone/releases/download/20260510/cpython-3.12.13+20260510-x86_64-unknown-linux-gnu-install_only_stripped.tar.gz"
provenance = "github-attestations"

[tools.python."platforms.linux-x64-musl"]
checksum = "sha256:8481ab65a9e478174cd196e7cf3d3c14f89f7d6b9b0bd8d15271d6bb1966954c"
url = "https://github.com/astral-sh/python-build-standalone/releases/download/20260510/cpython-3.12.13+20260510-x86_64-unknown-linux-musl-install_only_stripped.tar.gz"
provenance = "github-attestations"

[tools.python."platforms.macos-arm64"]
checksum = "sha256:55bc1a5edbc8ac4da0081f4f5731ed2d1ed10c57cb37a820b2a0dbc7cad742e9"
url = "https://github.com/astral-sh/python-build-standalone/releases/download/20260510/cpython-3.12.13+20260510-aarch64-apple-darwin-install_only_stripped.tar.gz"
provenance = "github-attestations"

[tools.python."platforms.macos-x64"]
checksum = "sha256:6bab7fa97d4f2ddba86da0e05acff66c53b5edaca1df8edcf00ddca785a9c59b"
url = "https://github.com/astral-sh/python-build-standalone/releases/download/20260510/cpython-3.12.13+20260510-x86_64-apple-darwin-install_only_stripped.tar.gz"
provenance = "github-attestations"

[tools.python."platforms.windows-x64"]
checksum = "sha256:24168aff2e7d93784c6a436124c4ebb79b076a4e289bde4902c08333507b71d0"
url = "https://github.com/astral-sh/python-build-standalone/releases/download/20260510/cpython-3.12.13+20260510-x86_64-pc-windows-msvc-install_only_stripped.tar.gz"
provenance = "github-attestations"

[[tools.terraform]]
version = "1.15.3"
backend = "aqua:hashicorp/terraform"

[tools.terraform."platforms.linux-arm64"]
checksum = "sha256:9824eb010b835b2c872440a337a69acfa1782d36c24d3c09fe5defe75defc511"
url = "https://releases.hashicorp.com/terraform/1.15.3/terraform_1.15.3_linux_arm64.zip"

[tools.terraform."platforms.linux-arm64-musl"]
checksum = "sha256:9824eb010b835b2c872440a337a69acfa1782d36c24d3c09fe5defe75defc511"
url = "https://releases.hashicorp.com/terraform/1.15.3/terraform_1.15.3_linux_arm64.zip"

[tools.terraform."platforms.linux-x64"]
checksum = "sha256:c3d4b579064745a5f7e918125db23b12ba52a8a7287adb9f32c49d637e02e3bf"
url = "https://releases.hashicorp.com/terraform/1.15.3/terraform_1.15.3_linux_amd64.zip"

[tools.terraform."platforms.linux-x64-musl"]
checksum = "sha256:c3d4b579064745a5f7e918125db23b12ba52a8a7287adb9f32c49d637e02e3bf"
url = "https://releases.hashicorp.com/terraform/1.15.3/terraform_1.15.3_linux_amd64.zip"

[tools.terraform."platforms.macos-arm64"]
checksum = "sha256:b97101c62c11eebd176e83cd42a313336200d54fdd18ce7770f65a5bfb0ab098"
url = "https://releases.hashicorp.com/terraform/1.15.3/terraform_1.15.3_darwin_arm64.zip"

[tools.terraform."platforms.macos-x64"]
checksum = "sha256:448e89a455e854941bd7e1396ba6ca46e92dd7e0ed1cc11d4da4cab637606d8a"
url = "https://releases.hashicorp.com/terraform/1.15.3/terraform_1.15.3_darwin_amd64.zip"

[tools.terraform."platforms.windows-x64"]
checksum = "sha256:b9da8df3d92402551c86b8956be30fb87f600245321d2b31751afcf37218018c"
url = "https://releases.hashicorp.com/terraform/1.15.3/terraform_1.15.3_windows_amd64.zip"

[[tools.uv]]
version = "0.11.14"
backend = "aqua:astral-sh/uv"

[tools.uv."platforms.linux-arm64"]
checksum = "sha256:d7d3966e46915c5f6932692aaf152a2473eecb1d2517ca4f8e88a07484b380b6"
url = "https://github.com/astral-sh/uv/releases/download/0.11.14/uv-aarch64-unknown-linux-musl.tar.gz"
provenance = "github-attestations"

[tools.uv."platforms.linux-arm64-musl"]
checksum = "sha256:d7d3966e46915c5f6932692aaf152a2473eecb1d2517ca4f8e88a07484b380b6"
url = "https://github.com/astral-sh/uv/releases/download/0.11.14/uv-aarch64-unknown-linux-musl.tar.gz"
provenance = "github-attestations"

[tools.uv."platforms.linux-x64"]
checksum = "sha256:077d36f45a0cc6d440b653b2d5c53e7731121e99e54b0221267eec5d1cae76ce"
url = "https://github.com/astral-sh/uv/releases/download/0.11.14/uv-x86_64-unknown-linux-musl.tar.gz"
provenance = "github-attestations"

[tools.uv."platforms.linux-x64-musl"]
checksum = "sha256:077d36f45a0cc6d440b653b2d5c53e7731121e99e54b0221267eec5d1cae76ce"
url = "https://github.com/astral-sh/uv/releases/download/0.11.14/uv-x86_64-unknown-linux-musl.tar.gz"
provenance = "github-attestations"

[tools.uv."platforms.macos-arm64"]
checksum = "sha256:4333af5c0730d94323a7819bbdf87ce92dd07fc857d67fff0059e0fca31b5c02"
url = "https://github.com/astral-sh/uv/releases/download/0.11.14/uv-aarch64-apple-darwin.tar.gz"
provenance = "github-attestations"

[tools.uv."platforms.macos-x64"]
checksum = "sha256:9836c1440b0bd6aa5f81793648a339bd01d593b7b8f575de3b855dae4ab64654"
url = "https://github.com/astral-sh/uv/releases/download/0.11.14/uv-x86_64-apple-darwin.tar.gz"
provenance = "github-attestations"

[tools.uv."platforms.windows-x64"]
checksum = "sha256:52ba5d19409aaa688a8a1a6ec8dfb6a4817230d20186e75f4006105c3e39a846"
url = "https://github.com/astral-sh/uv/releases/download/0.11.14/uv-x86_64-pc-windows-msvc.zip"
provenance = "github-attestations"
